// !$*UTF8*$!
{
	archiveVersion = 1;
	classes = {
	};
	objectVersion = 51;
	objects = {

/* Begin PBXBuildFile section */
		A73B897326467B2E008DE156 /* AppDelegate.swift in Sources */ = {isa = PBXBuildFile; fileRef = A73B897226467B2E008DE156 /* AppDelegate.swift */; };
		A73B897526467B2E008DE156 /* SceneDelegate.swift in Sources */ = {isa = PBXBuildFile; fileRef = A73B897426467B2E008DE156 /* SceneDelegate.swift */; };
		A73B897726467B2E008DE156 /* ViewController.swift in Sources */ = {isa = PBXBuildFile; fileRef = A73B897626467B2E008DE156 /* ViewController.swift */; };
		A73B897A26467B2E008DE156 /* Main.storyboard in Resources */ = {isa = PBXBuildFile; fileRef = A73B897826467B2E008DE156 /* Main.storyboard */; };
		A73B897C26467B2F008DE156 /* Assets.xcassets in Resources */ = {isa = PBXBuildFile; fileRef = A73B897B26467B2F008DE156 /* Assets.xcassets */; };
		A73B897F26467B2F008DE156 /* LaunchScreen.storyboard in Resources */ = {isa = PBXBuildFile; fileRef = A73B897D26467B2F008DE156 /* LaunchScreen.storyboard */; };
		A7E7C6D526469B0500F675FE /* PhotoscollectionViewController.swift in Sources */ = {isa = PBXBuildFile; fileRef = A7E7C6D426469B0500F675FE /* PhotoscollectionViewController.swift */; };
		A7E7C6D82646AD0E00F675FE /* PhotoCollectionViewCell.swift in Sources */ = {isa = PBXBuildFile; fileRef = A7E7C6D72646AD0E00F675FE /* PhotoCollectionViewCell.swift */; };
		A7E7C6DC2646C11D00F675FE /* FilterService.swift in Sources */ = {isa = PBXBuildFile; fileRef = A7E7C6DB2646C11D00F675FE /* FilterService.swift */; };
		D2956408202F1003C257B511 /* Pods_HelloRxSwift.framework in Frameworks */ = {isa = PBXBuildFile; fileRef = 01209A1E1D613CE15BF37086 /* Pods_HelloRxSwift.framework */; };
/* End PBXBuildFile section */

/* Begin PBXFileReference section */
		01209A1E1D613CE15BF37086 /* Pods_HelloRxSwift.framework */ = {isa = PBXFileReference; explicitFileType = wrapper.framework; includeInIndex = 0; path = Pods_HelloRxSwift.framework; sourceTree = BUILT_PRODUCTS_DIR; };
		8EA46864A5714ADA13A68677 /* Pods-HelloRxSwift.release.xcconfig */ = {isa = PBXFileReference; includeInIndex = 1; lastKnownFileType = text.xcconfig; name = "Pods-HelloRxSwift.release.xcconfig"; path = "Target Support Files/Pods-HelloRxSwift/Pods-HelloRxSwift.release.xcconfig"; sourceTree = "<group>"; };
		A73B896F26467B2E008DE156 /* HelloRxSwift.app */ = {isa = PBXFileReference; explicitFileType = wrapper.application; includeInIndex = 0; path = HelloRxSwift.app; sourceTree = BUILT_PRODUCTS_DIR; };
		A73B897226467B2E008DE156 /* AppDelegate.swift */ = {isa = PBXFileReference; lastKnownFileType = sourcecode.swift; path = AppDelegate.swift; sourceTree = "<group>"; };
		A73B897426467B2E008DE156 /* SceneDelegate.swift */ = {isa = PBXFileReference; lastKnownFileType = sourcecode.swift; path = SceneDelegate.swift; sourceTree = "<group>"; };
		A73B897626467B2E008DE156 /* ViewController.swift */ = {isa = PBXFileReference; lastKnownFileType = sourcecode.swift; path = ViewController.swift; sourceTree = "<group>"; };
		A73B897926467B2E008DE156 /* Base */ = {isa = PBXFileReference; lastKnownFileType = file.storyboard; name = Base; path = Base.lproj/Main.storyboard; sourceTree = "<group>"; };
		A73B897B26467B2F008DE156 /* Assets.xcassets */ = {isa = PBXFileReference; lastKnownFileType = folder.assetcatalog; path = Assets.xcassets; sourceTree = "<group>"; };
		A73B897E26467B2F008DE156 /* Base */ = {isa = PBXFileReference; lastKnownFileType = file.storyboard; name = Base; path = Base.lproj/LaunchScreen.storyboard; sourceTree = "<group>"; };
		A73B898026467B2F008DE156 /* Info.plist */ = {isa = PBXFileReference; lastKnownFileType = text.plist.xml; path = Info.plist; sourceTree = "<group>"; };
		A7E7C6D426469B0500F675FE /* PhotoscollectionViewController.swift */ = {isa = PBXFileReference; lastKnownFileType = sourcecode.swift; path = PhotoscollectionViewController.swift; sourceTree = "<group>"; };
		A7E7C6D72646AD0E00F675FE /* PhotoCollectionViewCell.swift */ = {isa = PBXFileReference; lastKnownFileType = sourcecode.swift; path = PhotoCollectionViewCell.swift; sourceTree = "<group>"; };
		A7E7C6DB2646C11D00F675FE /* FilterService.swift */ = {isa = PBXFileReference; lastKnownFileType = sourcecode.swift; path = FilterService.swift; sourceTree = "<group>"; };
		CC02BAB388EEE749DD0451E7 /* Pods-HelloRxSwift.debug.xcconfig */ = {isa = PBXFileReference; includeInIndex = 1; lastKnownFileType = text.xcconfig; name = "Pods-HelloRxSwift.debug.xcconfig"; path = "Target Support Files/Pods-HelloRxSwift/Pods-HelloRxSwift.debug.xcconfig"; sourceTree = "<group>"; };
/* End PBXFileReference section */

/* Begin PBXFrameworksBuildPhase section */
		A73B896C26467B2E008DE156 /* Frameworks */ = {
			isa = PBXFrameworksBuildPhase;
			buildActionMask = 2147483647;
			files = (
				D2956408202F1003C257B511 /* Pods_HelloRxSwift.framework in Frameworks */,
			);
			runOnlyForDeploymentPostprocessing = 0;
		};
/* End PBXFrameworksBuildPhase section */

/* Begin PBXGroup section */
		65E5354A2A9634592C8FE97F /* Frameworks */ = {
			isa = PBXGroup;
			children = (
				01209A1E1D613CE15BF37086 /* Pods_HelloRxSwift.framework */,
			);
			name = Frameworks;
			sourceTree = "<group>";
		};
		A73B896626467B2E008DE156 = {
			isa = PBXGroup;
			children = (
				A7E7C6DA2646C10B00F675FE /* Service */,
				A73B897126467B2E008DE156 /* HelloRxSwift */,
				A73B897026467B2E008DE156 /* Products */,
				DFF06A3E036C14B0DACA2D52 /* Pods */,
				65E5354A2A9634592C8FE97F /* Frameworks */,
			);
			sourceTree = "<group>";
		};
		A73B897026467B2E008DE156 /* Products */ = {
			isa = PBXGroup;
			children = (
				A73B896F26467B2E008DE156 /* HelloRxSwift.app */,
			);
			name = Products;
			sourceTree = "<group>";
		};
		A73B897126467B2E008DE156 /* HelloRxSwift */ = {
			isa = PBXGroup;
			children = (
				A73B897226467B2E008DE156 /* AppDelegate.swift */,
				A73B897426467B2E008DE156 /* SceneDelegate.swift */,
				A73B897626467B2E008DE156 /* ViewController.swift */,
				A73B897826467B2E008DE156 /* Main.storyboard */,
				A73B897B26467B2F008DE156 /* Assets.xcassets */,
				A73B897D26467B2F008DE156 /* LaunchScreen.storyboard */,
				A73B898026467B2F008DE156 /* Info.plist */,
				A7E7C6D426469B0500F675FE /* PhotoscollectionViewController.swift */,
				A7E7C6D72646AD0E00F675FE /* PhotoCollectionViewCell.swift */,
			);
			path = HelloRxSwift;
			sourceTree = "<group>";
		};
		A7E7C6DA2646C10B00F675FE /* Service */ = {
			isa = PBXGroup;
			children = (
				A7E7C6DB2646C11D00F675FE /* FilterService.swift */,
			);
			path = Service;
			sourceTree = "<group>";
		};
		DFF06A3E036C14B0DACA2D52 /* Pods */ = {
			isa = PBXGroup;
			children = (
				CC02BAB388EEE749DD0451E7 /* Pods-HelloRxSwift.debug.xcconfig */,
				8EA46864A5714ADA13A68677 /* Pods-HelloRxSwift.release.xcconfig */,
			);
			path = Pods;
			sourceTree = "<group>";
		};
/* End PBXGroup section */

/* Begin PBXNativeTarget section */
		A73B896E26467B2E008DE156 /* HelloRxSwift */ = {
			isa = PBXNativeTarget;
			buildConfigurationList = A73B898326467B2F008DE156 /* Build configuration list for PBXNativeTarget "HelloRxSwift" */;
			buildPhases = (
				BF0926755F0F35F9FBCDB302 /* [CP] Check Pods Manifest.lock */,
				A73B896B26467B2E008DE156 /* Sources */,
				A73B896C26467B2E008DE156 /* Frameworks */,
				A73B896D26467B2E008DE156 /* Resources */,
				6BFCD3E0894977E6EC8E0652 /* [CP] Embed Pods Frameworks */,
			);
			buildRules = (
			);
			dependencies = (
			);
			name = HelloRxSwift;
			productName = HelloRxSwift;
			productReference = A73B896F26467B2E008DE156 /* HelloRxSwift.app */;
			productType = "com.apple.product-type.application";
		};
/* End PBXNativeTarget section */

/* Begin PBXProject section */
		A73B896726467B2E008DE156 /* Project object */ = {
			isa = PBXProject;
			attributes = {
				LastSwiftUpdateCheck = 1230;
				LastUpgradeCheck = 1230;
				TargetAttributes = {
					A73B896E26467B2E008DE156 = {
						CreatedOnToolsVersion = 12.3;
					};
				};
			};
			buildConfigurationList = A73B896A26467B2E008DE156 /* Build configuration list for PBXProject "HelloRxSwift" */;
			compatibilityVersion = "Xcode 9.3";
			developmentRegion = en;
			hasScannedForEncodings = 0;
			knownRegions = (
				en,
				Base,
			);
			mainGroup = A73B896626467B2E008DE156;
			productRefGroup = A73B897026467B2E008DE156 /* Products */;
			projectDirPath = "";
			projectRoot = "";
			targets = (
				A73B896E26467B2E008DE156 /* HelloRxSwift */,
			);
		};
/* End PBXProject section */

/* Begin PBXResourcesBuildPhase section */
		A73B896D26467B2E008DE156 /* Resources */ = {
			isa = PBXResourcesBuildPhase;
			buildActionMask = 2147483647;
			files = (
				A73B897F26467B2F008DE156 /* LaunchScreen.storyboard in Resources */,
				A73B897C26467B2F008DE156 /* Assets.xcassets in Resources */,
				A73B897A26467B2E008DE156 /* Main.storyboard in Resources */,
			);
			runOnlyForDeploymentPostprocessing = 0;
		};
/* End PBXResourcesBuildPhase section */

/* Begin PBXShellScriptBuildPhase section */
		6BFCD3E0894977E6EC8E0652 /* [CP] Embed Pods Frameworks */ = {
			isa = PBXShellScriptBuildPhase;
			buildActionMask = 2147483647;
			files = (
			);
			inputFileListPaths = (
				"${PODS_ROOT}/Target Support Files/Pods-HelloRxSwift/Pods-HelloRxSwift-frameworks-${CONFIGURATION}-input-files.xcfilelist",
			);
			name = "[CP] Embed Pods Frameworks";
			outputFileListPaths = (
				"${PODS_ROOT}/Target Support Files/Pods-HelloRxSwift/Pods-HelloRxSwift-frameworks-${CONFIGURATION}-output-files.xcfilelist",
			);
			runOnlyForDeploymentPostprocessing = 0;
			shellPath = /bin/sh;
			shellScript = "\"${PODS_ROOT}/Target Support Files/Pods-HelloRxSwift/Pods-HelloRxSwift-frameworks.sh\"\n";
			showEnvVarsInLog = 0;
		};
		BF0926755F0F35F9FBCDB302 /* [CP] Check Pods Manifest.lock */ = {
			isa = PBXShellScriptBuildPhase;
			buildActionMask = 2147483647;
			files = (
			);
			inputFileListPaths = (
			);
			inputPaths = (
				"${PODS_PODFILE_DIR_PATH}/Podfile.lock",
				"${PODS_ROOT}/Manifest.lock",
			);
			name = "[CP] Check Pods Manifest.lock";
			outputFileListPaths = (
			);
			outputPaths = (
				"$(DERIVED_FILE_DIR)/Pods-HelloRxSwift-checkManifestLockResult.txt",
			);
			runOnlyForDeploymentPostprocessing = 0;
			shellPath = /bin/sh;
			shellScript = "diff \"${PODS_PODFILE_DIR_PATH}/Podfile.lock\" \"${PODS_ROOT}/Manifest.lock\" > /dev/null\nif [ $? != 0 ] ; then\n    # print error to STDERR\n    echo \"error: The sandbox is not in sync with the Podfile.lock. Run 'pod install' or update your CocoaPods installation.\" >&2\n    exit 1\nfi\n# This output is used by Xcode 'outputs' to avoid re-running this script phase.\necho \"SUCCESS\" > \"${SCRIPT_OUTPUT_FILE_0}\"\n";
			showEnvVarsInLog = 0;
		};
/* End PBXShellScriptBuildPhase section */

/* Begin PBXSourcesBuildPhase section */
		A73B896B26467B2E008DE156 /* Sources */ = {
			isa = PBXSourcesBuildPhase;
			buildActionMask = 2147483647;
			files = (
				A73B897726467B2E008DE156 /* ViewController.swift in Sources */,
				A7E7C6D82646AD0E00F675FE /* PhotoCollectionViewCell.swift in Sources */,
				A73B897326467B2E008DE156 /* AppDelegate.swift in Sources */,
				A7E7C6DC2646C11D00F675FE /* FilterService.swift in Sources */,
				A73B897526467B2E008DE156 /* SceneDelegate.swift in Sources */,
				A7E7C6D526469B0500F675FE /* PhotoscollectionViewController.swift in Sources */,
			);
			runOnlyForDeploymentPostprocessing = 0;
		};
/* End PBXSourcesBuildPhase section */

/* Begin PBXVariantGroup section */
		A73B897826467B2E008DE156 /* Main.storyboard */ = {
			isa = PBXVariantGroup;
			children = (
				A73B897926467B2E008DE156 /* Base */,
			);
			name = Main.storyboard;
			sourceTree = "<group>";
		};
		A73B897D26467B2F008DE156 /* LaunchScreen.storyboard */ = {
			isa = PBXVariantGroup;
			children = (
				A73B897E26467B2F008DE156 /* Base */,
			);
			name = LaunchScreen.storyboard;
			sourceTree = "<group>";
		};
/* End PBXVariantGroup section */

/* Begin XCBuildConfiguration section */
		A73B898126467B2F008DE156 /* Debug */ = {
			isa = XCBuildConfiguration;
			buildSettings = {
				ALWAYS_SEARCH_USER_PATHS = NO;
				CLANG_ANALYZER_NONNULL = YES;
				CLANG_ANALYZER_NUMBER_OBJECT_CONVERSION = YES_AGGRESSIVE;
				CLANG_CXX_LANGUAGE_STANDARD = "gnu++14";
				CLANG_CXX_LIBRARY = "libc++";
				CLANG_ENABLE_MODULES = YES;
				CLANG_ENABLE_OBJC_ARC = YES;
				CLANG_ENABLE_OBJC_WEAK = YES;
				CLANG_WARN_BLOCK_CAPTURE_AUTORELEASING = YES;
				CLANG_WARN_BOOL_CONVERSION = YES;
				CLANG_WARN_COMMA = YES;
				CLANG_WARN_CONSTANT_CONVERSION = YES;
				CLANG_WARN_DEPRECATED_OBJC_IMPLEMENTATIONS = YES;
				CLANG_WARN_DIRECT_OBJC_ISA_USAGE = YES_ERROR;
				CLANG_WARN_DOCUMENTATION_COMMENTS = YES;
				CLANG_WARN_EMPTY_BODY = YES;
				CLANG_WARN_ENUM_CONVERSION = YES;
				CLANG_WARN_INFINITE_RECURSION = YES;
				CLANG_WARN_INT_CONVERSION = YES;
				CLANG_WARN_NON_LITERAL_NULL_CONVERSION = YES;
				CLANG_WARN_OBJC_IMPLICIT_RETAIN_SELF = YES;
				CLANG_WARN_OBJC_LITERAL_CONVERSION = YES;
				CLANG_WARN_OBJC_ROOT_CLASS = YES_ERROR;
				CLANG_WARN_QUOTED_INCLUDE_IN_FRAMEWORK_HEADER = YES;
				CLANG_WARN_RANGE_LOOP_ANALYSIS = YES;
				CLANG_WARN_STRICT_PROTOTYPES = YES;
				CLANG_WARN_SUSPICIOUS_MOVE = YES;
				CLANG_WARN_UNGUARDED_AVAILABILITY = YES_AGGRESSIVE;
				CLANG_WARN_UNREACHABLE_CODE = YES;
				CLANG_WARN__DUPLICATE_METHOD_MATCH = YES;
				COPY_PHASE_STRIP = NO;
				DEBUG_INFORMATION_FORMAT = dwarf;
				ENABLE_STRICT_OBJC_MSGSEND = YES;
				ENABLE_TESTABILITY = YES;
				GCC_C_LANGUAGE_STANDARD = gnu11;
				GCC_DYNAMIC_NO_PIC = NO;
				GCC_NO_COMMON_BLOCKS = YES;
				GCC_OPTIMIZATION_LEVEL = 0;
				GCC_PREPROCESSOR_DEFINITIONS = (
					"DEBUG=1",
					"$(inherited)",
				);
				GCC_WARN_64_TO_32_BIT_CONVERSION = YES;
				GCC_WARN_ABOUT_RETURN_TYPE = YES_ERROR;
				GCC_WARN_UNDECLARED_SELECTOR = YES;
				GCC_WARN_UNINITIALIZED_AUTOS = YES_AGGRESSIVE;
				GCC_WARN_UNUSED_FUNCTION = YES;
				GCC_WARN_UNUSED_VARIABLE = YES;
				IPHONEOS_DEPLOYMENT_TARGET = 14.3;
				MTL_ENABLE_DEBUG_INFO = INCLUDE_SOURCE;
				MTL_FAST_MATH = YES;
				ONLY_ACTIVE_ARCH = YES;
				SDKROOT = iphoneos;
				SWIFT_ACTIVE_COMPILATION_CONDITIONS = DEBUG;
				SWIFT_OPTIMIZATION_LEVEL = "-Onone";
			};
			name = Debug;
		};
		A73B898226467B2F008DE156 /* Release */ = {
			isa = XCBuildConfiguration;
			buildSettings = {
				ALWAYS_SEARCH_USER_PATHS = NO;
				CLANG_ANALYZER_NONNULL = YES;
				CLANG_ANALYZER_NUMBER_OBJECT_CONVERSION = YES_AGGRESSIVE;
				CLANG_CXX_LANGUAGE_STANDARD = "gnu++14";
				CLANG_CXX_LIBRARY = "libc++";
				CLANG_ENABLE_MODULES = YES;
				CLANG_ENABLE_OBJC_ARC = YES;
				CLANG_ENABLE_OBJC_WEAK = YES;
				CLANG_WARN_BLOCK_CAPTURE_AUTORELEASING = YES;
				CLANG_WARN_BOOL_CONVERSION = YES;
				CLANG_WARN_COMMA = YES;
				CLANG_WARN_CONSTANT_CONVERSION = YES;
				CLANG_WARN_DEPRECATED_OBJC_IMPLEMENTATIONS = YES;
				CLANG_WARN_DIRECT_OBJC_ISA_USAGE = YES_ERROR;
				CLANG_WARN_DOCUMENTATION_COMMENTS = YES;
				CLANG_WARN_EMPTY_BODY = YES;
				CLANG_WARN_ENUM_CONVERSION = YES;
				CLANG_WARN_INFINITE_RECURSION = YES;
				CLANG_WARN_INT_CONVERSION = YES;
				CLANG_WARN_NON_LITERAL_NULL_CONVERSION = YES;
				CLANG_WARN_OBJC_IMPLICIT_RETAIN_SELF = YES;
				CLANG_WARN_OBJC_LITERAL_CONVERSION = YES;
				CLANG_WARN_OBJC_ROOT_CLASS = YES_ERROR;
				CLANG_WARN_QUOTED_INCLUDE_IN_FRAMEWORK_HEADER = YES;
				CLANG_WARN_RANGE_LOOP_ANALYSIS = YES;
				CLANG_WARN_STRICT_PROTOTYPES = YES;
				CLANG_WARN_SUSPICIOUS_MOVE = YES;
				CLANG_WARN_UNGUARDED_AVAILABILITY = YES_AGGRESSIVE;
				CLANG_WARN_UNREACHABLE_CODE = YES;
				CLANG_WARN__DUPLICATE_METHOD_MATCH = YES;
				COPY_PHASE_STRIP = NO;
				DEBUG_INFORMATION_FORMAT = "dwarf-with-dsym";
				ENABLE_NS_ASSERTIONS = NO;
				ENABLE_STRICT_OBJC_MSGSEND = YES;
				GCC_C_LANGUAGE_STANDARD = gnu11;
				GCC_NO_COMMON_BLOCKS = YES;
				GCC_WARN_64_TO_32_BIT_CONVERSION = YES;
				GCC_WARN_ABOUT_RETURN_TYPE = YES_ERROR;
				GCC_WARN_UNDECLARED_SELECTOR = YES;
				GCC_WARN_UNINITIALIZED_AUTOS = YES_AGGRESSIVE;
				GCC_WARN_UNUSED_FUNCTION = YES;
				GCC_WARN_UNUSED_VARIABLE = YES;
				IPHONEOS_DEPLOYMENT_TARGET = 14.3;
				MTL_ENABLE_DEBUG_INFO = NO;
				MTL_FAST_MATH = YES;
				SDKROOT = iphoneos;
				SWIFT_COMPILATION_MODE = wholemodule;
				SWIFT_OPTIMIZATION_LEVEL = "-O";
				VALIDATE_PRODUCT = YES;
			};
			name = Release;
		};
		A73B898426467B2F008DE156 /* Debug */ = {
			isa = XCBuildConfiguration;
			baseConfigurationReference = CC02BAB388EEE749DD0451E7 /* Pods-HelloRxSwift.debug.xcconfig */;
			buildSettings = {
				ASSETCATALOG_COMPILER_APPICON_NAME = AppIcon;
				ASSETCATALOG_COMPILER_GLOBAL_ACCENT_COLOR_NAME = AccentColor;
				CODE_SIGN_STYLE = Automatic;
				DEVELOPMENT_TEAM = GGA73G37Y2;
				INFOPLIST_FILE = HelloRxSwift/Info.plist;
				LD_RUNPATH_SEARCH_PATHS = (
					"$(inherited)",
					"@executable_path/Frameworks",
				);
				PRODUCT_BUNDLE_IDENTIFIER = co.ackdevelepment.HelloRxSwift;
				PRODUCT_NAME = "$(TARGET_NAME)";
				SWIFT_VERSION = 5.0;
				TARGETED_DEVICE_FAMILY = "1,2";
			};
			name = Debug;
		};
		A73B898526467B2F008DE156 /* Release */ = {
			isa = XCBuildConfiguration;
			baseConfigurationReference = 8EA46864A5714ADA13A68677 /* Pods-HelloRxSwift.release.xcconfig */;
			buildSettings = {
				ASSETCATALOG_COMPILER_APPICON_NAME = AppIcon;
				ASSETCATALOG_COMPILER_GLOBAL_ACCENT_COLOR_NAME = AccentColor;
				CODE_SIGN_STYLE = Automatic;
				DEVELOPMENT_TEAM = GGA73G37Y2;
				INFOPLIST_FILE = HelloRxSwift/Info.plist;
				LD_RUNPATH_SEARCH_PATHS = (
					"$(inherited)",
					"@executable_path/Frameworks",
				);
				PRODUCT_BUNDLE_IDENTIFIER = co.ackdevelepment.HelloRxSwift;
				PRODUCT_NAME = "$(TARGET_NAME)";
				SWIFT_VERSION = 5.0;
				TARGETED_DEVICE_FAMILY = "1,2";
			};
			name = Release;
		};
/* End XCBuildConfiguration section */

/* Begin XCConfigurationList section */
		A73B896A26467B2E008DE156 /* Build configuration list for PBXProject "HelloRxSwift" */ = {
			isa = XCConfigurationList;
			buildConfigurations = (
				A73B898126467B2F008DE156 /* Debug */,
				A73B898226467B2F008DE156 /* Release */,
			);
			defaultConfigurationIsVisible = 0;
			defaultConfigurationName = Release;
		};
		A73B898326467B2F008DE156 /* Build configuration list for PBXNativeTarget "HelloRxSwift" */ = {
			isa = XCConfigurationList;
			buildConfigurations = (
				A73B898426467B2F008DE156 /* Debug */,
				A73B898526467B2F008DE156 /* Release */,
			);
			defaultConfigurationIsVisible = 0;
			defaultConfigurationName = Release;
		};
/* End XCConfigurationList section */
	};
	rootObject = A73B896726467B2E008DE156 /* Project object */;
}
